
Microsoft Visual Studio Solution File, Format Version 12.00
# Visual Studio Version 16
VisualStudioVersion = 16.0.29905.134
MinimumVisualStudioVersion = 10.0.40219.1
Project("{FAE04EC0-301F-11D3-BF4B-00C04F79EFBC}") = "ExcelExport", "ExcelExport.csproj", "{42A3EBA2-C1D9-49F8-B36E-1B6724670CF3}"
EndProject
Global
	GlobalSection(SolutionConfigurationPlatforms) = preSolution
		Debug|Any CPU = Debug|Any CPU
		Release|Any CPU = Release|Any CPU
	EndGlobalSection
	GlobalSection(ProjectConfigurationPlatforms) = postSolution
		{42A3EBA2-C1D9-49F8-B36E-1B6724670CF3}.Debug|Any CPU.ActiveCfg = Debug|Any CPU
		{42A3EBA2-C1D9-49F8-B36E-1B6724670CF3}.Debug|Any CPU.Build.0 = Debug|Any CPU
		{42A3EBA2-C1D9-49F8-B36E-1B6724670CF3}.Release|Any CPU.ActiveCfg = Release|Any CPU
		{42A3EBA2-C1D9-49F8-B36E-1B6724670CF3}.Release|Any CPU.Build.0 = Release|Any CPU
	EndGlobalSection
	GlobalSection(SolutionProperties) = preSolution
		HideSolutionNode = FALSE
	EndGlobalSection
	GlobalSection(ExtensibilityGlobals) = postSolution
		SolutionGuid = {CD011CC3-2DF0-4448-A2FD-A4B5A3EC30A3}
	EndGlobalSection
EndGlobal
