
Microsoft Visual Studio Solution File, Format Version 12.00
# Visual Studio Version 16
VisualStudioVersion = 16.0.29905.134
MinimumVisualStudioVersion = 10.0.40219.1
Project("{FAE04EC0-301F-11D3-BF4B-00C04F79EFBC}") = "UserMaintenance", "UserMaintenance.csproj", "{7D5A0D1C-A8E7-44B0-98C6-CEBC1762940C}"
EndProject
Global
	GlobalSection(SolutionConfigurationPlatforms) = preSolution
		Debug|Any CPU = Debug|Any CPU
		Release|Any CPU = Release|Any CPU
	EndGlobalSection
	GlobalSection(ProjectConfigurationPlatforms) = postSolution
		{7D5A0D1C-A8E7-44B0-98C6-CEBC1762940C}.Debug|Any CPU.ActiveCfg = Debug|Any CPU
		{7D5A0D1C-A8E7-44B0-98C6-CEBC1762940C}.Debug|Any CPU.Build.0 = Debug|Any CPU
		{7D5A0D1C-A8E7-44B0-98C6-CEBC1762940C}.Release|Any CPU.ActiveCfg = Release|Any CPU
		{7D5A0D1C-A8E7-44B0-98C6-CEBC1762940C}.Release|Any CPU.Build.0 = Release|Any CPU
	EndGlobalSection
	GlobalSection(SolutionProperties) = preSolution
		HideSolutionNode = FALSE
	EndGlobalSection
	GlobalSection(ExtensibilityGlobals) = postSolution
		SolutionGuid = {845929D3-363D-4D4C-9F97-61BEEA87E3C5}
	EndGlobalSection
EndGlobal
