
Microsoft Visual Studio Solution File, Format Version 12.00
# Visual Studio Version 16
VisualStudioVersion = 16.0.29905.134
MinimumVisualStudioVersion = 10.0.40219.1
Project("{FAE04EC0-301F-11D3-BF4B-00C04F79EFBC}") = "VaR", "VaR.csproj", "{867C3C20-8DA8-44EA-AB73-3C4230C77465}"
EndProject
Global
	GlobalSection(SolutionConfigurationPlatforms) = preSolution
		Debug|Any CPU = Debug|Any CPU
		Release|Any CPU = Release|Any CPU
	EndGlobalSection
	GlobalSection(ProjectConfigurationPlatforms) = postSolution
		{867C3C20-8DA8-44EA-AB73-3C4230C77465}.Debug|Any CPU.ActiveCfg = Debug|Any CPU
		{867C3C20-8DA8-44EA-AB73-3C4230C77465}.Debug|Any CPU.Build.0 = Debug|Any CPU
		{867C3C20-8DA8-44EA-AB73-3C4230C77465}.Release|Any CPU.ActiveCfg = Release|Any CPU
		{867C3C20-8DA8-44EA-AB73-3C4230C77465}.Release|Any CPU.Build.0 = Release|Any CPU
	EndGlobalSection
	GlobalSection(SolutionProperties) = preSolution
		HideSolutionNode = FALSE
	EndGlobalSection
	GlobalSection(ExtensibilityGlobals) = postSolution
		SolutionGuid = {3DC261BD-B838-4A1D-9737-DDFB23ECB054}
	EndGlobalSection
EndGlobal
